// !$*UTF8*$!
{
	archiveVersion = 1;
	classes = {
	};
	objectVersion = 52;
	objects = {

/* Begin PBXBuildFile section */
		5705E29225875E5500866645 /* DynamicValue.swift in Sources */ = {isa = PBXBuildFile; fileRef = 5705E29125875E5500866645 /* DynamicValue.swift */; };
		5705E296258760CE00866645 /* DataSource.swift in Sources */ = {isa = PBXBuildFile; fileRef = 5705E295258760CE00866645 /* DataSource.swift */; };
		5705E29A2587637A00866645 /* ItemDataSource.swift in Sources */ = {isa = PBXBuildFile; fileRef = 5705E2992587637A00866645 /* ItemDataSource.swift */; };
		5705E2A82587775500866645 /* CharacterRepoMockSuccess.swift in Sources */ = {isa = PBXBuildFile; fileRef = 5705E2A72587775500866645 /* CharacterRepoMockSuccess.swift */; };
		570C5A0D25896B7C00AB8FC8 /* MockCatalog.xcassets in Resources */ = {isa = PBXBuildFile; fileRef = 570C5A0C25896B7C00AB8FC8 /* MockCatalog.xcassets */; };
		5717FB1225A20DB000F29149 /* ThumbnailSource.swift in Sources */ = {isa = PBXBuildFile; fileRef = 5717FB1125A20DB000F29149 /* ThumbnailSource.swift */; };
		571B05692586D8B5008B3590 /* Rick.json in Resources */ = {isa = PBXBuildFile; fileRef = 571B05682586D8B5008B3590 /* Rick.json */; };
		572164FF2586994F00180C9C /* SnapshotTestCases.swift in Sources */ = {isa = PBXBuildFile; fileRef = 572164FE2586994F00180C9C /* SnapshotTestCases.swift */; };
		5721650D2586ABD000180C9C /* InformationView.swift in Sources */ = {isa = PBXBuildFile; fileRef = 5721650C2586ABD000180C9C /* InformationView.swift */; };
		5725C3252587800A003BAF93 /* DetailsViewModel.swift in Sources */ = {isa = PBXBuildFile; fileRef = 5725C3242587800A003BAF93 /* DetailsViewModel.swift */; };
		5728C5F7257F928A003FC989 /* FailureRequestManagerMocks.swift in Sources */ = {isa = PBXBuildFile; fileRef = 5728C5F6257F928A003FC989 /* FailureRequestManagerMocks.swift */; };
		5728C602257FA41E003FC989 /* MainCoordinator.swift in Sources */ = {isa = PBXBuildFile; fileRef = 5728C601257FA41E003FC989 /* MainCoordinator.swift */; };
		5728C606257FA4F8003FC989 /* ListViewModel.swift in Sources */ = {isa = PBXBuildFile; fileRef = 5728C605257FA4F8003FC989 /* ListViewModel.swift */; };
		572F61E92580357C00B3952F /* CharacterCell.swift in Sources */ = {isa = PBXBuildFile; fileRef = 572F61E82580357C00B3952F /* CharacterCell.swift */; };
		5747ACA8259ED9D900DBF18F /* MauriKit in Frameworks */ = {isa = PBXBuildFile; productRef = 5747ACA7259ED9D900DBF18F /* MauriKit */; };
		576331E125825DAF00F87CC4 /* Constants.swift in Sources */ = {isa = PBXBuildFile; fileRef = 576331E025825DAF00F87CC4 /* Constants.swift */; };
		576C74E2257E468300487859 /* CharacterDTO.swift in Sources */ = {isa = PBXBuildFile; fileRef = 576C74E1257E468300487859 /* CharacterDTO.swift */; };
		576C751F257E4A5000487859 /* CharactersRepo.swift in Sources */ = {isa = PBXBuildFile; fileRef = 576C751E257E4A5000487859 /* CharactersRepo.swift */; };
		576C7523257E537200487859 /* RepoSetup.plist in Resources */ = {isa = PBXBuildFile; fileRef = 576C7522257E537200487859 /* RepoSetup.plist */; };
		576C752B257E675900487859 /* RepoSetup.swift in Sources */ = {isa = PBXBuildFile; fileRef = 576C752A257E675900487859 /* RepoSetup.swift */; };
		576C752F257E71D100487859 /* EndpointBuilder.swift in Sources */ = {isa = PBXBuildFile; fileRef = 576C752E257E71D100487859 /* EndpointBuilder.swift */; };
		576C7549257E7D7600487859 /* CharactersRepoTestCases.swift in Sources */ = {isa = PBXBuildFile; fileRef = 576C7548257E7D7600487859 /* CharactersRepoTestCases.swift */; };
		5784711025A2486E00476B89 /* CachedThumbnail.swift in Sources */ = {isa = PBXBuildFile; fileRef = 5784710F25A2486E00476B89 /* CachedThumbnail.swift */; };
		5784711425A2488500476B89 /* CardSourceable.swift in Sources */ = {isa = PBXBuildFile; fileRef = 5784711325A2488500476B89 /* CardSourceable.swift */; };
		57A9AF68257EDBF000C54808 /* RequestManagerFakes.swift in Sources */ = {isa = PBXBuildFile; fileRef = 57A9AF67257EDBF000C54808 /* RequestManagerFakes.swift */; };
		57A9AF75257EDE7600C54808 /* MultipleCharacters.json in Resources */ = {isa = PBXBuildFile; fileRef = 57A9AF74257EDE7600C54808 /* MultipleCharacters.json */; };
		57A9AF79257EDF7500C54808 /* Species.json in Resources */ = {isa = PBXBuildFile; fileRef = 57A9AF78257EDF7500C54808 /* Species.json */; };
		57A9AF7D257EE27D00C54808 /* ResponseDTO.swift in Sources */ = {isa = PBXBuildFile; fileRef = 57A9AF7C257EE27D00C54808 /* ResponseDTO.swift */; };
		57B4C5272589AD7D007D757A /* ThumbnailRepo.swift in Sources */ = {isa = PBXBuildFile; fileRef = 57B4C5262589AD7D007D757A /* ThumbnailRepo.swift */; };
		57B4C52E258A3654007D757A /* AvatarsRepo.swift in Sources */ = {isa = PBXBuildFile; fileRef = 57B4C52D258A3654007D757A /* AvatarsRepo.swift */; };
		57B4C535258A3749007D757A /* CacheableMock.swift in Sources */ = {isa = PBXBuildFile; fileRef = 57B4C534258A3749007D757A /* CacheableMock.swift */; };
		57CB9F13258A382000060774 /* CacheStore.swift in Sources */ = {isa = PBXBuildFile; fileRef = 57CB9F12258A382000060774 /* CacheStore.swift */; };
		57CB9F19258A3FCB00060774 /* AvatarRepoTestCases.swift in Sources */ = {isa = PBXBuildFile; fileRef = 57CB9F18258A3FCB00060774 /* AvatarRepoTestCases.swift */; };
		57CB9F1F258A409B00060774 /* AvatarMockRepos.swift in Sources */ = {isa = PBXBuildFile; fileRef = 57CB9F1E258A409B00060774 /* AvatarMockRepos.swift */; };
		57CEE8C32588375200F1EAF7 /* CoordinatorSpy.swift in Sources */ = {isa = PBXBuildFile; fileRef = 57CEE8C22588375200F1EAF7 /* CoordinatorSpy.swift */; };
		57CEE8C92588388F00F1EAF7 /* NavigationTestCases.swift in Sources */ = {isa = PBXBuildFile; fileRef = 57CEE8C82588388F00F1EAF7 /* NavigationTestCases.swift */; };
		57CEE8E12588515000F1EAF7 /* ListInteractable.swift in Sources */ = {isa = PBXBuildFile; fileRef = 57CEE8E02588515000F1EAF7 /* ListInteractable.swift */; };
		57CEE8E72588517700F1EAF7 /* ListInteractor.swift in Sources */ = {isa = PBXBuildFile; fileRef = 57CEE8E62588517700F1EAF7 /* ListInteractor.swift */; };
		57CEE8EB2588524A00F1EAF7 /* ListInteractorDummy.swift in Sources */ = {isa = PBXBuildFile; fileRef = 57CEE8EA2588524900F1EAF7 /* ListInteractorDummy.swift */; };
		57EED3F1258566D100A46A6B /* DetailsViewController.swift in Sources */ = {isa = PBXBuildFile; fileRef = 57EED3F0258566D100A46A6B /* DetailsViewController.swift */; };
		57F194EC257D90D2002C0B3B /* AppDelegate.swift in Sources */ = {isa = PBXBuildFile; fileRef = 57F194EB257D90D2002C0B3B /* AppDelegate.swift */; };
		57F194F0257D90D2002C0B3B /* MainListViewController.swift in Sources */ = {isa = PBXBuildFile; fileRef = 57F194EF257D90D2002C0B3B /* MainListViewController.swift */; };
		57F194F5257D90D7002C0B3B /* Assets.xcassets in Resources */ = {isa = PBXBuildFile; fileRef = 57F194F4257D90D7002C0B3B /* Assets.xcassets */; };
		57F194F8257D90D7002C0B3B /* LaunchScreen.storyboard in Resources */ = {isa = PBXBuildFile; fileRef = 57F194F6257D90D7002C0B3B /* LaunchScreen.storyboard */; };
		57F19538257D92AA002C0B3B /* SceneDelegate.swift in Sources */ = {isa = PBXBuildFile; fileRef = 57F19537257D92AA002C0B3B /* SceneDelegate.swift */; };
		57F19547257D94B4002C0B3B /* MauriNet in Frameworks */ = {isa = PBXBuildFile; productRef = 57F19546257D94B4002C0B3B /* MauriNet */; };
		57F1954C257D94EE002C0B3B /* MauriUtils in Frameworks */ = {isa = PBXBuildFile; productRef = 57F1954B257D94EE002C0B3B /* MauriUtils */; };
		57F19553257D9E10002C0B3B /* SnapshotTesting in Frameworks */ = {isa = PBXBuildFile; productRef = 57F19552257D9E10002C0B3B /* SnapshotTesting */; };
/* End PBXBuildFile section */

/* Begin PBXContainerItemProxy section */
		57F194FF257D90D7002C0B3B /* PBXContainerItemProxy */ = {
			isa = PBXContainerItemProxy;
			containerPortal = 57F194E0257D90D2002C0B3B /* Project object */;
			proxyType = 1;
			remoteGlobalIDString = 57F194E7257D90D2002C0B3B;
			remoteInfo = "R&M";
		};
/* End PBXContainerItemProxy section */

/* Begin PBXFileReference section */
		5705E29125875E5500866645 /* DynamicValue.swift */ = {isa = PBXFileReference; lastKnownFileType = sourcecode.swift; path = DynamicValue.swift; sourceTree = "<group>"; };
		5705E295258760CE00866645 /* DataSource.swift */ = {isa = PBXFileReference; lastKnownFileType = sourcecode.swift; path = DataSource.swift; sourceTree = "<group>"; };
		5705E2992587637A00866645 /* ItemDataSource.swift */ = {isa = PBXFileReference; lastKnownFileType = sourcecode.swift; path = ItemDataSource.swift; sourceTree = "<group>"; };
		5705E2A72587775500866645 /* CharacterRepoMockSuccess.swift */ = {isa = PBXFileReference; lastKnownFileType = sourcecode.swift; path = CharacterRepoMockSuccess.swift; sourceTree = "<group>"; };
		570C5A0C25896B7C00AB8FC8 /* MockCatalog.xcassets */ = {isa = PBXFileReference; lastKnownFileType = folder.assetcatalog; path = MockCatalog.xcassets; sourceTree = "<group>"; };
		5717FB1125A20DB000F29149 /* ThumbnailSource.swift */ = {isa = PBXFileReference; lastKnownFileType = sourcecode.swift; path = ThumbnailSource.swift; sourceTree = "<group>"; };
		571B05682586D8B5008B3590 /* Rick.json */ = {isa = PBXFileReference; lastKnownFileType = text.json; path = Rick.json; sourceTree = "<group>"; };
		572164FE2586994F00180C9C /* SnapshotTestCases.swift */ = {isa = PBXFileReference; lastKnownFileType = sourcecode.swift; path = SnapshotTestCases.swift; sourceTree = "<group>"; };
		5721650C2586ABD000180C9C /* InformationView.swift */ = {isa = PBXFileReference; lastKnownFileType = sourcecode.swift; path = InformationView.swift; sourceTree = "<group>"; };
		5725C3242587800A003BAF93 /* DetailsViewModel.swift */ = {isa = PBXFileReference; lastKnownFileType = sourcecode.swift; path = DetailsViewModel.swift; sourceTree = "<group>"; };
		5728C5F6257F928A003FC989 /* FailureRequestManagerMocks.swift */ = {isa = PBXFileReference; lastKnownFileType = sourcecode.swift; path = FailureRequestManagerMocks.swift; sourceTree = "<group>"; };
		5728C601257FA41E003FC989 /* MainCoordinator.swift */ = {isa = PBXFileReference; lastKnownFileType = sourcecode.swift; path = MainCoordinator.swift; sourceTree = "<group>"; };
		5728C605257FA4F8003FC989 /* ListViewModel.swift */ = {isa = PBXFileReference; lastKnownFileType = sourcecode.swift; path = ListViewModel.swift; sourceTree = "<group>"; };
		572F61E82580357C00B3952F /* CharacterCell.swift */ = {isa = PBXFileReference; lastKnownFileType = sourcecode.swift; path = CharacterCell.swift; sourceTree = "<group>"; };
		576331E025825DAF00F87CC4 /* Constants.swift */ = {isa = PBXFileReference; lastKnownFileType = sourcecode.swift; path = Constants.swift; sourceTree = "<group>"; };
		576C74E1257E468300487859 /* CharacterDTO.swift */ = {isa = PBXFileReference; lastKnownFileType = sourcecode.swift; path = CharacterDTO.swift; sourceTree = "<group>"; };
		576C751E257E4A5000487859 /* CharactersRepo.swift */ = {isa = PBXFileReference; lastKnownFileType = sourcecode.swift; path = CharactersRepo.swift; sourceTree = "<group>"; };
		576C7522257E537200487859 /* RepoSetup.plist */ = {isa = PBXFileReference; lastKnownFileType = text.plist.xml; path = RepoSetup.plist; sourceTree = "<group>"; };
		576C752A257E675900487859 /* RepoSetup.swift */ = {isa = PBXFileReference; lastKnownFileType = sourcecode.swift; path = RepoSetup.swift; sourceTree = "<group>"; };
		576C752E257E71D100487859 /* EndpointBuilder.swift */ = {isa = PBXFileReference; lastKnownFileType = sourcecode.swift; path = EndpointBuilder.swift; sourceTree = "<group>"; };
		576C7548257E7D7600487859 /* CharactersRepoTestCases.swift */ = {isa = PBXFileReference; lastKnownFileType = sourcecode.swift; path = CharactersRepoTestCases.swift; sourceTree = "<group>"; };
		5784710F25A2486E00476B89 /* CachedThumbnail.swift */ = {isa = PBXFileReference; lastKnownFileType = sourcecode.swift; path = CachedThumbnail.swift; sourceTree = "<group>"; };
		5784711325A2488500476B89 /* CardSourceable.swift */ = {isa = PBXFileReference; lastKnownFileType = sourcecode.swift; path = CardSourceable.swift; sourceTree = "<group>"; };
		57A9AF67257EDBF000C54808 /* RequestManagerFakes.swift */ = {isa = PBXFileReference; lastKnownFileType = sourcecode.swift; path = RequestManagerFakes.swift; sourceTree = "<group>"; };
		57A9AF74257EDE7600C54808 /* MultipleCharacters.json */ = {isa = PBXFileReference; lastKnownFileType = text.json; path = MultipleCharacters.json; sourceTree = "<group>"; };
		57A9AF78257EDF7500C54808 /* Species.json */ = {isa = PBXFileReference; lastKnownFileType = text.json; path = Species.json; sourceTree = "<group>"; };
		57A9AF7C257EE27D00C54808 /* ResponseDTO.swift */ = {isa = PBXFileReference; lastKnownFileType = sourcecode.swift; path = ResponseDTO.swift; sourceTree = "<group>"; };
		57B4C5262589AD7D007D757A /* ThumbnailRepo.swift */ = {isa = PBXFileReference; lastKnownFileType = sourcecode.swift; path = ThumbnailRepo.swift; sourceTree = "<group>"; };
		57B4C52D258A3654007D757A /* AvatarsRepo.swift */ = {isa = PBXFileReference; lastKnownFileType = sourcecode.swift; path = AvatarsRepo.swift; sourceTree = "<group>"; };
		57B4C534258A3749007D757A /* CacheableMock.swift */ = {isa = PBXFileReference; lastKnownFileType = sourcecode.swift; path = CacheableMock.swift; sourceTree = "<group>"; };
		57CB9F12258A382000060774 /* CacheStore.swift */ = {isa = PBXFileReference; lastKnownFileType = sourcecode.swift; path = CacheStore.swift; sourceTree = "<group>"; };
		57CB9F18258A3FCB00060774 /* AvatarRepoTestCases.swift */ = {isa = PBXFileReference; lastKnownFileType = sourcecode.swift; path = AvatarRepoTestCases.swift; sourceTree = "<group>"; };
		57CB9F1E258A409B00060774 /* AvatarMockRepos.swift */ = {isa = PBXFileReference; lastKnownFileType = sourcecode.swift; path = AvatarMockRepos.swift; sourceTree = "<group>"; };
		57CEE8C22588375200F1EAF7 /* CoordinatorSpy.swift */ = {isa = PBXFileReference; lastKnownFileType = sourcecode.swift; path = CoordinatorSpy.swift; sourceTree = "<group>"; };
		57CEE8C82588388F00F1EAF7 /* NavigationTestCases.swift */ = {isa = PBXFileReference; lastKnownFileType = sourcecode.swift; path = NavigationTestCases.swift; sourceTree = "<group>"; };
		57CEE8E02588515000F1EAF7 /* ListInteractable.swift */ = {isa = PBXFileReference; lastKnownFileType = sourcecode.swift; path = ListInteractable.swift; sourceTree = "<group>"; };
		57CEE8E62588517700F1EAF7 /* ListInteractor.swift */ = {isa = PBXFileReference; lastKnownFileType = sourcecode.swift; path = ListInteractor.swift; sourceTree = "<group>"; };
		57CEE8EA2588524900F1EAF7 /* ListInteractorDummy.swift */ = {isa = PBXFileReference; lastKnownFileType = sourcecode.swift; path = ListInteractorDummy.swift; sourceTree = "<group>"; };
		57EED3F0258566D100A46A6B /* DetailsViewController.swift */ = {isa = PBXFileReference; lastKnownFileType = sourcecode.swift; path = DetailsViewController.swift; sourceTree = "<group>"; };
		57F194E8257D90D2002C0B3B /* R&M.app */ = {isa = PBXFileReference; explicitFileType = wrapper.application; includeInIndex = 0; path = "R&M.app"; sourceTree = BUILT_PRODUCTS_DIR; };
		57F194EB257D90D2002C0B3B /* AppDelegate.swift */ = {isa = PBXFileReference; lastKnownFileType = sourcecode.swift; path = AppDelegate.swift; sourceTree = "<group>"; };
		57F194EF257D90D2002C0B3B /* MainListViewController.swift */ = {isa = PBXFileReference; lastKnownFileType = sourcecode.swift; path = MainListViewController.swift; sourceTree = "<group>"; };
		57F194F4257D90D7002C0B3B /* Assets.xcassets */ = {isa = PBXFileReference; lastKnownFileType = folder.assetcatalog; path = Assets.xcassets; sourceTree = "<group>"; };
		57F194F7257D90D7002C0B3B /* Base */ = {isa = PBXFileReference; lastKnownFileType = file.storyboard; name = Base; path = Base.lproj/LaunchScreen.storyboard; sourceTree = "<group>"; };
		57F194F9257D90D7002C0B3B /* Info.plist */ = {isa = PBXFileReference; lastKnownFileType = text.plist.xml; path = Info.plist; sourceTree = "<group>"; };
		57F194FE257D90D7002C0B3B /* R&MTests.xctest */ = {isa = PBXFileReference; explicitFileType = wrapper.cfbundle; includeInIndex = 0; path = "R&MTests.xctest"; sourceTree = BUILT_PRODUCTS_DIR; };
		57F19504257D90D7002C0B3B /* Info.plist */ = {isa = PBXFileReference; lastKnownFileType = text.plist.xml; path = Info.plist; sourceTree = "<group>"; };
		57F19537257D92AA002C0B3B /* SceneDelegate.swift */ = {isa = PBXFileReference; lastKnownFileType = sourcecode.swift; path = SceneDelegate.swift; sourceTree = "<group>"; };
/* End PBXFileReference section */

/* Begin PBXFrameworksBuildPhase section */
		57F194E5257D90D2002C0B3B /* Frameworks */ = {
			isa = PBXFrameworksBuildPhase;
			buildActionMask = 2147483647;
			files = (
				57F19553257D9E10002C0B3B /* SnapshotTesting in Frameworks */,
				57F19547257D94B4002C0B3B /* MauriNet in Frameworks */,
				5747ACA8259ED9D900DBF18F /* MauriKit in Frameworks */,
				57F1954C257D94EE002C0B3B /* MauriUtils in Frameworks */,
			);
			runOnlyForDeploymentPostprocessing = 0;
		};
		57F194FB257D90D7002C0B3B /* Frameworks */ = {
			isa = PBXFrameworksBuildPhase;
			buildActionMask = 2147483647;
			files = (
			);
			runOnlyForDeploymentPostprocessing = 0;
		};
/* End PBXFrameworksBuildPhase section */

/* Begin PBXGroup section */
		5705E2A12587773900866645 /* RequestManager */ = {
			isa = PBXGroup;
			children = (
				5728C5F6257F928A003FC989 /* FailureRequestManagerMocks.swift */,
			);
			path = RequestManager;
			sourceTree = "<group>";
		};
		5705E2A62587774100866645 /* Repos */ = {
			isa = PBXGroup;
			children = (
				5705E2A72587775500866645 /* CharacterRepoMockSuccess.swift */,
				57CB9F1E258A409B00060774 /* AvatarMockRepos.swift */,
			);
			path = Repos;
			sourceTree = "<group>";
		};
		5717FB1D25A242F000F29149 /* CacheFramework */ = {
			isa = PBXGroup;
			children = (
				5705E2992587637A00866645 /* ItemDataSource.swift */,
				5717FB1125A20DB000F29149 /* ThumbnailSource.swift */,
				57B4C5262589AD7D007D757A /* ThumbnailRepo.swift */,
				57CB9F12258A382000060774 /* CacheStore.swift */,
				5705E295258760CE00866645 /* DataSource.swift */,
				5705E29125875E5500866645 /* DynamicValue.swift */,
				5784710F25A2486E00476B89 /* CachedThumbnail.swift */,
				5784711325A2488500476B89 /* CardSourceable.swift */,
			);
			path = CacheFramework;
			sourceTree = "<group>";
		};
		5728C5FC257FA3FB003FC989 /* Navigation */ = {
			isa = PBXGroup;
			children = (
				5728C601257FA41E003FC989 /* MainCoordinator.swift */,
			);
			path = Navigation;
			sourceTree = "<group>";
		};
		5728C5FD257FA403003FC989 /* Business */ = {
			isa = PBXGroup;
			children = (
				57CEE8DF2588514100F1EAF7 /* Actions */,
				57CEE8DA2588513300F1EAF7 /* ViewModels */,
			);
			path = Business;
			sourceTree = "<group>";
		};
		5728C5FE257FA40F003FC989 /* Components */ = {
			isa = PBXGroup;
			children = (
				573E7D5025851372001C5459 /* Cross */,
				573E7D4F258512FA001C5459 /* Detail */,
				573E7D4C258512F2001C5459 /* List */,
			);
			path = Components;
			sourceTree = "<group>";
		};
		573E7D4C258512F2001C5459 /* List */ = {
			isa = PBXGroup;
			children = (
				572F61E82580357C00B3952F /* CharacterCell.swift */,
				57F194EF257D90D2002C0B3B /* MainListViewController.swift */,
			);
			path = List;
			sourceTree = "<group>";
		};
		573E7D4F258512FA001C5459 /* Detail */ = {
			isa = PBXGroup;
			children = (
				57EED3F0258566D100A46A6B /* DetailsViewController.swift */,
				5721650C2586ABD000180C9C /* InformationView.swift */,
			);
			path = Detail;
			sourceTree = "<group>";
		};
		573E7D5025851372001C5459 /* Cross */ = {
			isa = PBXGroup;
			children = (
				576331E025825DAF00F87CC4 /* Constants.swift */,
			);
			path = Cross;
			sourceTree = "<group>";
		};
		576C74DD257E460600487859 /* Infrastructure */ = {
			isa = PBXGroup;
			children = (
				576C74DE257E462800487859 /* DTOs */,
				576C74E0257E463C00487859 /* Repositories */,
				576C74DF257E462E00487859 /* Services */,
			);
			path = Infrastructure;
			sourceTree = "<group>";
		};
		576C74DE257E462800487859 /* DTOs */ = {
			isa = PBXGroup;
			children = (
				576C74E1257E468300487859 /* CharacterDTO.swift */,
				57A9AF7C257EE27D00C54808 /* ResponseDTO.swift */,
			);
			path = DTOs;
			sourceTree = "<group>";
		};
		576C74DF257E462E00487859 /* Services */ = {
			isa = PBXGroup;
			children = (
				576C7522257E537200487859 /* RepoSetup.plist */,
				576C752A257E675900487859 /* RepoSetup.swift */,
				576C752E257E71D100487859 /* EndpointBuilder.swift */,
			);
			path = Services;
			sourceTree = "<group>";
		};
		576C74E0257E463C00487859 /* Repositories */ = {
			isa = PBXGroup;
			children = (
				576C751E257E4A5000487859 /* CharactersRepo.swift */,
				57B4C52D258A3654007D757A /* AvatarsRepo.swift */,
			);
			path = Repositories;
			sourceTree = "<group>";
		};
		576C7534257E7BFC00487859 /* TestDoubles */ = {
			isa = PBXGroup;
			children = (
				57CEE8F32588604400F1EAF7 /* Dummies */,
				57A9AF6F257EDCC000C54808 /* Fakes */,
				57A9AF6E257EDCB500C54808 /* Mocks */,
				57CEE8C12588374100F1EAF7 /* Spies */,
			);
			path = TestDoubles;
			sourceTree = "<group>";
		};
		576C753B257E7C4F00487859 /* Setup */ = {
			isa = PBXGroup;
			children = (
				57F19504257D90D7002C0B3B /* Info.plist */,
			);
			path = Setup;
			sourceTree = "<group>";
		};
		576C7552257E7DC600487859 /* TestCases */ = {
			isa = PBXGroup;
			children = (
				576C7548257E7D7600487859 /* CharactersRepoTestCases.swift */,
				572164FE2586994F00180C9C /* SnapshotTestCases.swift */,
				57CEE8C82588388F00F1EAF7 /* NavigationTestCases.swift */,
				57CB9F18258A3FCB00060774 /* AvatarRepoTestCases.swift */,
			);
			path = TestCases;
			sourceTree = "<group>";
		};
		57A9AF6D257EDCAB00C54808 /* JSON */ = {
			isa = PBXGroup;
			children = (
				57A9AF74257EDE7600C54808 /* MultipleCharacters.json */,
				571B05682586D8B5008B3590 /* Rick.json */,
				57A9AF78257EDF7500C54808 /* Species.json */,
			);
			path = JSON;
			sourceTree = "<group>";
		};
		57A9AF6E257EDCB500C54808 /* Mocks */ = {
			isa = PBXGroup;
			children = (
				57B4C533258A3730007D757A /* ImagesRepo */,
				570C5A0C25896B7C00AB8FC8 /* MockCatalog.xcassets */,
				5705E2A62587774100866645 /* Repos */,
				57A9AF6D257EDCAB00C54808 /* JSON */,
				5705E2A12587773900866645 /* RequestManager */,
			);
			path = Mocks;
			sourceTree = "<group>";
		};
		57A9AF6F257EDCC000C54808 /* Fakes */ = {
			isa = PBXGroup;
			children = (
				57A9AF67257EDBF000C54808 /* RequestManagerFakes.swift */,
			);
			path = Fakes;
			sourceTree = "<group>";
		};
		57B4C533258A3730007D757A /* ImagesRepo */ = {
			isa = PBXGroup;
			children = (
				57B4C534258A3749007D757A /* CacheableMock.swift */,
			);
			path = ImagesRepo;
			sourceTree = "<group>";
		};
		57CEE8C12588374100F1EAF7 /* Spies */ = {
			isa = PBXGroup;
			children = (
				57CEE8C22588375200F1EAF7 /* CoordinatorSpy.swift */,
			);
			path = Spies;
			sourceTree = "<group>";
		};
		57CEE8DA2588513300F1EAF7 /* ViewModels */ = {
			isa = PBXGroup;
			children = (
				5725C3242587800A003BAF93 /* DetailsViewModel.swift */,
				5728C605257FA4F8003FC989 /* ListViewModel.swift */,
			);
			path = ViewModels;
			sourceTree = "<group>";
		};
		57CEE8DF2588514100F1EAF7 /* Actions */ = {
			isa = PBXGroup;
			children = (
				57CEE8E02588515000F1EAF7 /* ListInteractable.swift */,
				57CEE8E62588517700F1EAF7 /* ListInteractor.swift */,
			);
			path = Actions;
			sourceTree = "<group>";
		};
		57CEE8F32588604400F1EAF7 /* Dummies */ = {
			isa = PBXGroup;
			children = (
				57CEE8EA2588524900F1EAF7 /* ListInteractorDummy.swift */,
			);
			path = Dummies;
			sourceTree = "<group>";
		};
		57F194DF257D90D2002C0B3B = {
			isa = PBXGroup;
			children = (
				57F194EA257D90D2002C0B3B /* R&M */,
				57F19501257D90D7002C0B3B /* R&MTests */,
				57F194E9257D90D2002C0B3B /* Products */,
			);
			sourceTree = "<group>";
		};
		57F194E9257D90D2002C0B3B /* Products */ = {
			isa = PBXGroup;
			children = (
				57F194E8257D90D2002C0B3B /* R&M.app */,
				57F194FE257D90D7002C0B3B /* R&MTests.xctest */,
			);
			name = Products;
			sourceTree = "<group>";
		};
		57F194EA257D90D2002C0B3B /* R&M */ = {
			isa = PBXGroup;
			children = (
				5717FB1D25A242F000F29149 /* CacheFramework */,
				57F1952D257D915A002C0B3B /* Delivery */,
				576C74DD257E460600487859 /* Infrastructure */,
				57F1952A257D9153002C0B3B /* Setup */,
				57F19529257D9148002C0B3B /* UI */,
			);
			path = "R&M";
			sourceTree = "<group>";
		};
		57F19501257D90D7002C0B3B /* R&MTests */ = {
			isa = PBXGroup;
			children = (
				576C753B257E7C4F00487859 /* Setup */,
				576C7552257E7DC600487859 /* TestCases */,
				576C7534257E7BFC00487859 /* TestDoubles */,
			);
			path = "R&MTests";
			sourceTree = "<group>";
		};
		57F19529257D9148002C0B3B /* UI */ = {
			isa = PBXGroup;
			children = (
				57F194F4257D90D7002C0B3B /* Assets.xcassets */,
				57F194F6257D90D7002C0B3B /* LaunchScreen.storyboard */,
			);
			path = UI;
			sourceTree = "<group>";
		};
		57F1952A257D9153002C0B3B /* Setup */ = {
			isa = PBXGroup;
			children = (
				57F194F9257D90D7002C0B3B /* Info.plist */,
				57F194EB257D90D2002C0B3B /* AppDelegate.swift */,
				57F19537257D92AA002C0B3B /* SceneDelegate.swift */,
			);
			path = Setup;
			sourceTree = "<group>";
		};
		57F1952D257D915A002C0B3B /* Delivery */ = {
			isa = PBXGroup;
			children = (
				5728C5FD257FA403003FC989 /* Business */,
				5728C5FE257FA40F003FC989 /* Components */,
				5728C5FC257FA3FB003FC989 /* Navigation */,
			);
			path = Delivery;
			sourceTree = "<group>";
		};
/* End PBXGroup section */

/* Begin PBXNativeTarget section */
		57F194E7257D90D2002C0B3B /* R&M */ = {
			isa = PBXNativeTarget;
			buildConfigurationList = 57F19512257D90D7002C0B3B /* Build configuration list for PBXNativeTarget "R&M" */;
			buildPhases = (
				57F194E4257D90D2002C0B3B /* Sources */,
				57F194E5257D90D2002C0B3B /* Frameworks */,
				57F194E6257D90D2002C0B3B /* Resources */,
				5747ACB1259EDD1300DBF18F /* ShellScript */,
			);
			buildRules = (
			);
			dependencies = (
			);
			name = "R&M";
			packageProductDependencies = (
				57F19546257D94B4002C0B3B /* MauriNet */,
				57F1954B257D94EE002C0B3B /* MauriUtils */,
				57F19552257D9E10002C0B3B /* SnapshotTesting */,
				5747ACA7259ED9D900DBF18F /* MauriKit */,
			);
			productName = "R&M";
			productReference = 57F194E8257D90D2002C0B3B /* R&M.app */;
			productType = "com.apple.product-type.application";
		};
		57F194FD257D90D7002C0B3B /* R&MTests */ = {
			isa = PBXNativeTarget;
			buildConfigurationList = 57F19515257D90D7002C0B3B /* Build configuration list for PBXNativeTarget "R&MTests" */;
			buildPhases = (
				57F194FA257D90D7002C0B3B /* Sources */,
				57F194FB257D90D7002C0B3B /* Frameworks */,
				57F194FC257D90D7002C0B3B /* Resources */,
			);
			buildRules = (
			);
			dependencies = (
				57F19500257D90D7002C0B3B /* PBXTargetDependency */,
			);
			name = "R&MTests";
			productName = "R&MTests";
			productReference = 57F194FE257D90D7002C0B3B /* R&MTests.xctest */;
			productType = "com.apple.product-type.bundle.unit-test";
		};
/* End PBXNativeTarget section */

/* Begin PBXProject section */
		57F194E0257D90D2002C0B3B /* Project object */ = {
			isa = PBXProject;
			attributes = {
				LastSwiftUpdateCheck = 1210;
				LastUpgradeCheck = 1210;
				TargetAttributes = {
					57F194E7257D90D2002C0B3B = {
						CreatedOnToolsVersion = 12.1;
					};
					57F194FD257D90D7002C0B3B = {
						CreatedOnToolsVersion = 12.1;
						LastSwiftMigration = 1210;
						TestTargetID = 57F194E7257D90D2002C0B3B;
					};
				};
			};
			buildConfigurationList = 57F194E3257D90D2002C0B3B /* Build configuration list for PBXProject "R&M" */;
			compatibilityVersion = "Xcode 9.3";
			developmentRegion = en;
			hasScannedForEncodings = 0;
			knownRegions = (
				en,
				Base,
			);
			mainGroup = 57F194DF257D90D2002C0B3B;
			packageReferences = (
				57F19545257D94B4002C0B3B /* XCRemoteSwiftPackageReference "MauriNet" */,
				57F1954A257D94EE002C0B3B /* XCRemoteSwiftPackageReference "MauriUtils" */,
				57F19551257D9E10002C0B3B /* XCRemoteSwiftPackageReference "swift-snapshot-testing" */,
				5747ACA6259ED9D900DBF18F /* XCRemoteSwiftPackageReference "MauriKit" */,
			);
			productRefGroup = 57F194E9257D90D2002C0B3B /* Products */;
			projectDirPath = "";
			projectRoot = "";
			targets = (
				57F194E7257D90D2002C0B3B /* R&M */,
				57F194FD257D90D7002C0B3B /* R&MTests */,
			);
		};
/* End PBXProject section */

/* Begin PBXResourcesBuildPhase section */
		57F194E6257D90D2002C0B3B /* Resources */ = {
			isa = PBXResourcesBuildPhase;
			buildActionMask = 2147483647;
			files = (
				57F194F8257D90D7002C0B3B /* LaunchScreen.storyboard in Resources */,
				576C7523257E537200487859 /* RepoSetup.plist in Resources */,
				57F194F5257D90D7002C0B3B /* Assets.xcassets in Resources */,
			);
			runOnlyForDeploymentPostprocessing = 0;
		};
		57F194FC257D90D7002C0B3B /* Resources */ = {
			isa = PBXResourcesBuildPhase;
			buildActionMask = 2147483647;
			files = (
				57A9AF79257EDF7500C54808 /* Species.json in Resources */,
				570C5A0D25896B7C00AB8FC8 /* MockCatalog.xcassets in Resources */,
				57A9AF75257EDE7600C54808 /* MultipleCharacters.json in Resources */,
				571B05692586D8B5008B3590 /* Rick.json in Resources */,
			);
			runOnlyForDeploymentPostprocessing = 0;
		};
/* End PBXResourcesBuildPhase section */

/* Begin PBXShellScriptBuildPhase section */
		5747ACB1259EDD1300DBF18F /* ShellScript */ = {
			isa = PBXShellScriptBuildPhase;
			buildActionMask = 2147483647;
			files = (
			);
			inputFileListPaths = (
			);
			inputPaths = (
			);
			outputFileListPaths = (
			);
			outputPaths = (
			);
			runOnlyForDeploymentPostprocessing = 0;
			shellPath = /bin/sh;
			shellScript = "if which swiftlint >/dev/null; then\n  swiftlint\nelse\n  echo \"warning: SwiftLint not installed, download from https://github.com/realm/SwiftLint\"\nfi\n";
		};
/* End PBXShellScriptBuildPhase section */

/* Begin PBXSourcesBuildPhase section */
		57F194E4257D90D2002C0B3B /* Sources */ = {
			isa = PBXSourcesBuildPhase;
			buildActionMask = 2147483647;
			files = (
				5705E29225875E5500866645 /* DynamicValue.swift in Sources */,
				57F194F0257D90D2002C0B3B /* MainListViewController.swift in Sources */,
				576C752F257E71D100487859 /* EndpointBuilder.swift in Sources */,
				57A9AF7D257EE27D00C54808 /* ResponseDTO.swift in Sources */,
				5717FB1225A20DB000F29149 /* ThumbnailSource.swift in Sources */,
				576C752B257E675900487859 /* RepoSetup.swift in Sources */,
				576331E125825DAF00F87CC4 /* Constants.swift in Sources */,
				5784711025A2486E00476B89 /* CachedThumbnail.swift in Sources */,
				57CB9F13258A382000060774 /* CacheStore.swift in Sources */,
				576C751F257E4A5000487859 /* CharactersRepo.swift in Sources */,
				5784711425A2488500476B89 /* CardSourceable.swift in Sources */,
				5705E296258760CE00866645 /* DataSource.swift in Sources */,
				576C74E2257E468300487859 /* CharacterDTO.swift in Sources */,
				57CEE8E72588517700F1EAF7 /* ListInteractor.swift in Sources */,
				57B4C52E258A3654007D757A /* AvatarsRepo.swift in Sources */,
				57B4C5272589AD7D007D757A /* ThumbnailRepo.swift in Sources */,
				572F61E92580357C00B3952F /* CharacterCell.swift in Sources */,
				5725C3252587800A003BAF93 /* DetailsViewModel.swift in Sources */,
				57EED3F1258566D100A46A6B /* DetailsViewController.swift in Sources */,
				57CEE8E12588515000F1EAF7 /* ListInteractable.swift in Sources */,
				57F194EC257D90D2002C0B3B /* AppDelegate.swift in Sources */,
				5728C602257FA41E003FC989 /* MainCoordinator.swift in Sources */,
				5721650D2586ABD000180C9C /* InformationView.swift in Sources */,
				57F19538257D92AA002C0B3B /* SceneDelegate.swift in Sources */,
				5705E29A2587637A00866645 /* ItemDataSource.swift in Sources */,
				5728C606257FA4F8003FC989 /* ListViewModel.swift in Sources */,
			);
			runOnlyForDeploymentPostprocessing = 0;
		};
		57F194FA257D90D7002C0B3B /* Sources */ = {
			isa = PBXSourcesBuildPhase;
			buildActionMask = 2147483647;
			files = (
				576C7549257E7D7600487859 /* CharactersRepoTestCases.swift in Sources */,
				57CEE8EB2588524A00F1EAF7 /* ListInteractorDummy.swift in Sources */,
				57CEE8C32588375200F1EAF7 /* CoordinatorSpy.swift in Sources */,
				57CEE8C92588388F00F1EAF7 /* NavigationTestCases.swift in Sources */,
				57CB9F19258A3FCB00060774 /* AvatarRepoTestCases.swift in Sources */,
				572164FF2586994F00180C9C /* SnapshotTestCases.swift in Sources */,
				57CB9F1F258A409B00060774 /* AvatarMockRepos.swift in Sources */,
				5705E2A82587775500866645 /* CharacterRepoMockSuccess.swift in Sources */,
				5728C5F7257F928A003FC989 /* FailureRequestManagerMocks.swift in Sources */,
				57A9AF68257EDBF000C54808 /* RequestManagerFakes.swift in Sources */,
				57B4C535258A3749007D757A /* CacheableMock.swift in Sources */,
			);
			runOnlyForDeploymentPostprocessing = 0;
		};
/* End PBXSourcesBuildPhase section */

/* Begin PBXTargetDependency section */
		57F19500257D90D7002C0B3B /* PBXTargetDependency */ = {
			isa = PBXTargetDependency;
			target = 57F194E7257D90D2002C0B3B /* R&M */;
			targetProxy = 57F194FF257D90D7002C0B3B /* PBXContainerItemProxy */;
		};
/* End PBXTargetDependency section */

/* Begin PBXVariantGroup section */
		57F194F6257D90D7002C0B3B /* LaunchScreen.storyboard */ = {
			isa = PBXVariantGroup;
			children = (
				57F194F7257D90D7002C0B3B /* Base */,
			);
			name = LaunchScreen.storyboard;
			sourceTree = "<group>";
		};
/* End PBXVariantGroup section */

/* Begin XCBuildConfiguration section */
		57F19510257D90D7002C0B3B /* Debug */ = {
			isa = XCBuildConfiguration;
			buildSettings = {
				ALWAYS_SEARCH_USER_PATHS = NO;
				CLANG_ANALYZER_NONNULL = YES;
				CLANG_ANALYZER_NUMBER_OBJECT_CONVERSION = YES_AGGRESSIVE;
				CLANG_CXX_LANGUAGE_STANDARD = "gnu++14";
				CLANG_CXX_LIBRARY = "libc++";
				CLANG_ENABLE_MODULES = YES;
				CLANG_ENABLE_OBJC_ARC = YES;
				CLANG_ENABLE_OBJC_WEAK = YES;
				CLANG_WARN_BLOCK_CAPTURE_AUTORELEASING = YES;
				CLANG_WARN_BOOL_CONVERSION = YES;
				CLANG_WARN_COMMA = YES;
				CLANG_WARN_CONSTANT_CONVERSION = YES;
				CLANG_WARN_DEPRECATED_OBJC_IMPLEMENTATIONS = YES;
				CLANG_WARN_DIRECT_OBJC_ISA_USAGE = YES_ERROR;
				CLANG_WARN_DOCUMENTATION_COMMENTS = YES;
				CLANG_WARN_EMPTY_BODY = YES;
				CLANG_WARN_ENUM_CONVERSION = YES;
				CLANG_WARN_INFINITE_RECURSION = YES;
				CLANG_WARN_INT_CONVERSION = YES;
				CLANG_WARN_NON_LITERAL_NULL_CONVERSION = YES;
				CLANG_WARN_OBJC_IMPLICIT_RETAIN_SELF = YES;
				CLANG_WARN_OBJC_LITERAL_CONVERSION = YES;
				CLANG_WARN_OBJC_ROOT_CLASS = YES_ERROR;
				CLANG_WARN_QUOTED_INCLUDE_IN_FRAMEWORK_HEADER = YES;
				CLANG_WARN_RANGE_LOOP_ANALYSIS = YES;
				CLANG_WARN_STRICT_PROTOTYPES = YES;
				CLANG_WARN_SUSPICIOUS_MOVE = YES;
				CLANG_WARN_UNGUARDED_AVAILABILITY = YES_AGGRESSIVE;
				CLANG_WARN_UNREACHABLE_CODE = YES;
				CLANG_WARN__DUPLICATE_METHOD_MATCH = YES;
				COPY_PHASE_STRIP = NO;
				DEBUG_INFORMATION_FORMAT = dwarf;
				ENABLE_STRICT_OBJC_MSGSEND = YES;
				ENABLE_TESTABILITY = YES;
				ENABLE_TESTING_SEARCH_PATHS = YES;
				GCC_C_LANGUAGE_STANDARD = gnu11;
				GCC_DYNAMIC_NO_PIC = NO;
				GCC_NO_COMMON_BLOCKS = YES;
				GCC_OPTIMIZATION_LEVEL = 0;
				GCC_PREPROCESSOR_DEFINITIONS = (
					"DEBUG=1",
					"$(inherited)",
				);
				GCC_WARN_64_TO_32_BIT_CONVERSION = YES;
				GCC_WARN_ABOUT_RETURN_TYPE = YES_ERROR;
				GCC_WARN_UNDECLARED_SELECTOR = YES;
				GCC_WARN_UNINITIALIZED_AUTOS = YES_AGGRESSIVE;
				GCC_WARN_UNUSED_FUNCTION = YES;
				GCC_WARN_UNUSED_VARIABLE = YES;
				IPHONEOS_DEPLOYMENT_TARGET = 13.0;
				MTL_ENABLE_DEBUG_INFO = INCLUDE_SOURCE;
				MTL_FAST_MATH = YES;
				ONLY_ACTIVE_ARCH = YES;
				SDKROOT = iphoneos;
				SWIFT_ACTIVE_COMPILATION_CONDITIONS = DEBUG;
				SWIFT_OPTIMIZATION_LEVEL = "-Onone";
			};
			name = Debug;
		};
		57F19511257D90D7002C0B3B /* Release */ = {
			isa = XCBuildConfiguration;
			buildSettings = {
				ALWAYS_SEARCH_USER_PATHS = NO;
				CLANG_ANALYZER_NONNULL = YES;
				CLANG_ANALYZER_NUMBER_OBJECT_CONVERSION = YES_AGGRESSIVE;
				CLANG_CXX_LANGUAGE_STANDARD = "gnu++14";
				CLANG_CXX_LIBRARY = "libc++";
				CLANG_ENABLE_MODULES = YES;
				CLANG_ENABLE_OBJC_ARC = YES;
				CLANG_ENABLE_OBJC_WEAK = YES;
				CLANG_WARN_BLOCK_CAPTURE_AUTORELEASING = YES;
				CLANG_WARN_BOOL_CONVERSION = YES;
				CLANG_WARN_COMMA = YES;
				CLANG_WARN_CONSTANT_CONVERSION = YES;
				CLANG_WARN_DEPRECATED_OBJC_IMPLEMENTATIONS = YES;
				CLANG_WARN_DIRECT_OBJC_ISA_USAGE = YES_ERROR;
				CLANG_WARN_DOCUMENTATION_COMMENTS = YES;
				CLANG_WARN_EMPTY_BODY = YES;
				CLANG_WARN_ENUM_CONVERSION = YES;
				CLANG_WARN_INFINITE_RECURSION = YES;
				CLANG_WARN_INT_CONVERSION = YES;
				CLANG_WARN_NON_LITERAL_NULL_CONVERSION = YES;
				CLANG_WARN_OBJC_IMPLICIT_RETAIN_SELF = YES;
				CLANG_WARN_OBJC_LITERAL_CONVERSION = YES;
				CLANG_WARN_OBJC_ROOT_CLASS = YES_ERROR;
				CLANG_WARN_QUOTED_INCLUDE_IN_FRAMEWORK_HEADER = YES;
				CLANG_WARN_RANGE_LOOP_ANALYSIS = YES;
				CLANG_WARN_STRICT_PROTOTYPES = YES;
				CLANG_WARN_SUSPICIOUS_MOVE = YES;
				CLANG_WARN_UNGUARDED_AVAILABILITY = YES_AGGRESSIVE;
				CLANG_WARN_UNREACHABLE_CODE = YES;
				CLANG_WARN__DUPLICATE_METHOD_MATCH = YES;
				COPY_PHASE_STRIP = NO;
				DEBUG_INFORMATION_FORMAT = "dwarf-with-dsym";
				ENABLE_NS_ASSERTIONS = NO;
				ENABLE_STRICT_OBJC_MSGSEND = YES;
				ENABLE_TESTING_SEARCH_PATHS = YES;
				GCC_C_LANGUAGE_STANDARD = gnu11;
				GCC_NO_COMMON_BLOCKS = YES;
				GCC_WARN_64_TO_32_BIT_CONVERSION = YES;
				GCC_WARN_ABOUT_RETURN_TYPE = YES_ERROR;
				GCC_WARN_UNDECLARED_SELECTOR = YES;
				GCC_WARN_UNINITIALIZED_AUTOS = YES_AGGRESSIVE;
				GCC_WARN_UNUSED_FUNCTION = YES;
				GCC_WARN_UNUSED_VARIABLE = YES;
				IPHONEOS_DEPLOYMENT_TARGET = 13.0;
				MTL_ENABLE_DEBUG_INFO = NO;
				MTL_FAST_MATH = YES;
				SDKROOT = iphoneos;
				SWIFT_COMPILATION_MODE = wholemodule;
				SWIFT_OPTIMIZATION_LEVEL = "-O";
				VALIDATE_PRODUCT = YES;
			};
			name = Release;
		};
		57F19513257D90D7002C0B3B /* Debug */ = {
			isa = XCBuildConfiguration;
			buildSettings = {
				ASSETCATALOG_COMPILER_APPICON_NAME = AppIcon;
				ASSETCATALOG_COMPILER_GLOBAL_ACCENT_COLOR_NAME = AccentColor;
				CODE_SIGN_STYLE = Automatic;
				DEVELOPMENT_TEAM = F7CXK2PKWD;
				INFOPLIST_FILE = "R&M/Setup/Info.plist";
				IPHONEOS_DEPLOYMENT_TARGET = 13.0;
				LD_RUNPATH_SEARCH_PATHS = (
					"$(inherited)",
					"@executable_path/Frameworks",
				);
				PRODUCT_BUNDLE_IDENTIFIER = "com.interview.platzi.R-M";
				PRODUCT_NAME = "$(TARGET_NAME)";
				SWIFT_VERSION = 5.0;
				TARGETED_DEVICE_FAMILY = 1;
			};
			name = Debug;
		};
		57F19514257D90D7002C0B3B /* Release */ = {
			isa = XCBuildConfiguration;
			buildSettings = {
				ASSETCATALOG_COMPILER_APPICON_NAME = AppIcon;
				ASSETCATALOG_COMPILER_GLOBAL_ACCENT_COLOR_NAME = AccentColor;
				CODE_SIGN_STYLE = Automatic;
				DEVELOPMENT_TEAM = F7CXK2PKWD;
				FRAMEWORK_SEARCH_PATHS = (
					"$(inherited)",
					"$(PROJECT_DIR)/Build/",
				);
				INFOPLIST_FILE = "R&M/Setup/Info.plist";
				IPHONEOS_DEPLOYMENT_TARGET = 13.0;
				LD_RUNPATH_SEARCH_PATHS = (
					"$(inherited)",
					"@executable_path/Frameworks",
				);
				PRODUCT_BUNDLE_IDENTIFIER = "com.interview.platzi.R-M";
				PRODUCT_NAME = "$(TARGET_NAME)";
				SWIFT_VERSION = 5.0;
				TARGETED_DEVICE_FAMILY = 1;
			};
			name = Release;
		};
		57F19516257D90D7002C0B3B /* Debug */ = {
			isa = XCBuildConfiguration;
			buildSettings = {
				ALWAYS_EMBED_SWIFT_STANDARD_LIBRARIES = YES;
				BUNDLE_LOADER = "$(TEST_HOST)";
				CLANG_ENABLE_MODULES = YES;
				CODE_SIGN_STYLE = Automatic;
				DEVELOPMENT_TEAM = F7CXK2PKWD;
				INFOPLIST_FILE = "R&MTests/Setup/Info.plist";
				IPHONEOS_DEPLOYMENT_TARGET = 14.1;
				LD_RUNPATH_SEARCH_PATHS = (
					"$(inherited)",
					"@executable_path/Frameworks",
					"@loader_path/Frameworks",
				);
				PRODUCT_BUNDLE_IDENTIFIER = "com.interview.platzi.R-MTests";
				PRODUCT_NAME = "$(TARGET_NAME)";
				SWIFT_OPTIMIZATION_LEVEL = "-Onone";
				SWIFT_VERSION = 5.0;
				TARGETED_DEVICE_FAMILY = "1,2";
				TEST_HOST = "$(BUILT_PRODUCTS_DIR)/R&M.app/R&M";
			};
			name = Debug;
		};
		57F19517257D90D7002C0B3B /* Release */ = {
			isa = XCBuildConfiguration;
			buildSettings = {
				ALWAYS_EMBED_SWIFT_STANDARD_LIBRARIES = YES;
				BUNDLE_LOADER = "$(TEST_HOST)";
				CLANG_ENABLE_MODULES = YES;
				CODE_SIGN_STYLE = Automatic;
				DEVELOPMENT_TEAM = F7CXK2PKWD;
				INFOPLIST_FILE = "R&MTests/Setup/Info.plist";
				IPHONEOS_DEPLOYMENT_TARGET = 14.1;
				LD_RUNPATH_SEARCH_PATHS = (
					"$(inherited)",
					"@executable_path/Frameworks",
					"@loader_path/Frameworks",
				);
				PRODUCT_BUNDLE_IDENTIFIER = "com.interview.platzi.R-MTests";
				PRODUCT_NAME = "$(TARGET_NAME)";
				SWIFT_VERSION = 5.0;
				TARGETED_DEVICE_FAMILY = "1,2";
				TEST_HOST = "$(BUILT_PRODUCTS_DIR)/R&M.app/R&M";
			};
			name = Release;
		};
/* End XCBuildConfiguration section */

/* Begin XCConfigurationList section */
		57F194E3257D90D2002C0B3B /* Build configuration list for PBXProject "R&M" */ = {
			isa = XCConfigurationList;
			buildConfigurations = (
				57F19510257D90D7002C0B3B /* Debug */,
				57F19511257D90D7002C0B3B /* Release */,
			);
			defaultConfigurationIsVisible = 0;
			defaultConfigurationName = Release;
		};
		57F19512257D90D7002C0B3B /* Build configuration list for PBXNativeTarget "R&M" */ = {
			isa = XCConfigurationList;
			buildConfigurations = (
				57F19513257D90D7002C0B3B /* Debug */,
				57F19514257D90D7002C0B3B /* Release */,
			);
			defaultConfigurationIsVisible = 0;
			defaultConfigurationName = Release;
		};
		57F19515257D90D7002C0B3B /* Build configuration list for PBXNativeTarget "R&MTests" */ = {
			isa = XCConfigurationList;
			buildConfigurations = (
				57F19516257D90D7002C0B3B /* Debug */,
				57F19517257D90D7002C0B3B /* Release */,
			);
			defaultConfigurationIsVisible = 0;
			defaultConfigurationName = Release;
		};
/* End XCConfigurationList section */

/* Begin XCRemoteSwiftPackageReference section */
		5747ACA6259ED9D900DBF18F /* XCRemoteSwiftPackageReference "MauriKit" */ = {
			isa = XCRemoteSwiftPackageReference;
			repositoryURL = "git@github.com:mchirino89/MauriKit.git";
			requirement = {
				kind = upToNextMajorVersion;
				minimumVersion = 0.1.0;
			};
		};
		57F19545257D94B4002C0B3B /* XCRemoteSwiftPackageReference "MauriNet" */ = {
			isa = XCRemoteSwiftPackageReference;
			repositoryURL = "git@github.com:mchirino89/MauriNet.git";
			requirement = {
				kind = upToNextMajorVersion;
				minimumVersion = 0.2.0;
			};
		};
		57F1954A257D94EE002C0B3B /* XCRemoteSwiftPackageReference "MauriUtils" */ = {
			isa = XCRemoteSwiftPackageReference;
			repositoryURL = "git@github.com:mchirino89/MauriUtils.git";
			requirement = {
				kind = upToNextMajorVersion;
				minimumVersion = 1.1.0;
			};
		};
		57F19551257D9E10002C0B3B /* XCRemoteSwiftPackageReference "swift-snapshot-testing" */ = {
			isa = XCRemoteSwiftPackageReference;
			repositoryURL = "https://github.com/pointfreeco/swift-snapshot-testing";
			requirement = {
				kind = upToNextMajorVersion;
				minimumVersion = 1.8.2;
			};
		};
/* End XCRemoteSwiftPackageReference section */

/* Begin XCSwiftPackageProductDependency section */
		5747ACA7259ED9D900DBF18F /* MauriKit */ = {
			isa = XCSwiftPackageProductDependency;
			package = 5747ACA6259ED9D900DBF18F /* XCRemoteSwiftPackageReference "MauriKit" */;
			productName = MauriKit;
		};
		57F19546257D94B4002C0B3B /* MauriNet */ = {
			isa = XCSwiftPackageProductDependency;
			package = 57F19545257D94B4002C0B3B /* XCRemoteSwiftPackageReference "MauriNet" */;
			productName = MauriNet;
		};
		57F1954B257D94EE002C0B3B /* MauriUtils */ = {
			isa = XCSwiftPackageProductDependency;
			package = 57F1954A257D94EE002C0B3B /* XCRemoteSwiftPackageReference "MauriUtils" */;
			productName = MauriUtils;
		};
		57F19552257D9E10002C0B3B /* SnapshotTesting */ = {
			isa = XCSwiftPackageProductDependency;
			package = 57F19551257D9E10002C0B3B /* XCRemoteSwiftPackageReference "swift-snapshot-testing" */;
			productName = SnapshotTesting;
		};
/* End XCSwiftPackageProductDependency section */
	};
	rootObject = 57F194E0257D90D2002C0B3B /* Project object */;
}
